
Microsoft Visual Studio Solution File, Format Version 12.00
# Visual Studio 15
VisualStudioVersion = 15.0.26730.16
MinimumVisualStudioVersion = 10.0.40219.1
Project("{FAE04EC0-301F-11D3-BF4B-00C04F79EFBC}") = "Cryptology", "Cryptology\Cryptology.csproj", "{883E2836-A1E2-4F2C-A989-ABE652DA8D54}"
EndProject
Project("{FAE04EC0-301F-11D3-BF4B-00C04F79EFBC}") = "CryptologyTests", "CryptologyTests\CryptologyTests.csproj", "{75BE10C5-CD83-436D-A933-12F7DE26A5BC}"
EndProject
Global
	GlobalSection(SolutionConfigurationPlatforms) = preSolution
		Debug|Any CPU = Debug|Any CPU
		Release|Any CPU = Release|Any CPU
	EndGlobalSection
	GlobalSection(ProjectConfigurationPlatforms) = postSolution
		{883E2836-A1E2-4F2C-A989-ABE652DA8D54}.Debug|Any CPU.ActiveCfg = Debug|Any CPU
		{883E2836-A1E2-4F2C-A989-ABE652DA8D54}.Debug|Any CPU.Build.0 = Debug|Any CPU
		{883E2836-A1E2-4F2C-A989-ABE652DA8D54}.Release|Any CPU.ActiveCfg = Release|Any CPU
		{883E2836-A1E2-4F2C-A989-ABE652DA8D54}.Release|Any CPU.Build.0 = Release|Any CPU
		{75BE10C5-CD83-436D-A933-12F7DE26A5BC}.Debug|Any CPU.ActiveCfg = Debug|Any CPU
		{75BE10C5-CD83-436D-A933-12F7DE26A5BC}.Debug|Any CPU.Build.0 = Debug|Any CPU
		{75BE10C5-CD83-436D-A933-12F7DE26A5BC}.Release|Any CPU.ActiveCfg = Release|Any CPU
		{75BE10C5-CD83-436D-A933-12F7DE26A5BC}.Release|Any CPU.Build.0 = Release|Any CPU
	EndGlobalSection
	GlobalSection(SolutionProperties) = preSolution
		HideSolutionNode = FALSE
	EndGlobalSection
	GlobalSection(ExtensibilityGlobals) = postSolution
		SolutionGuid = {B6EB503D-3E96-48F9-A8A3-20B366DFDC9D}
	EndGlobalSection
EndGlobal
